
Microsoft Visual Studio Solution File, Format Version 12.00
# Visual Studio 15
VisualStudioVersion = 15.0.28010.2003
MinimumVisualStudioVersion = 10.0.40219.1
Project("{FAE04EC0-301F-11D3-BF4B-00C04F79EFBC}") = "Shapes", "Shapes\Shapes.csproj", "{46BB0A42-D8FA-4A57-88E5-9096B75CEFF0}"
EndProject
Project("{FAE04EC0-301F-11D3-BF4B-00C04F79EFBC}") = "ProcessShapesWebApp", "ProcessShapesWebApp\ProcessShapesWebApp.csproj", "{DD45F1D6-0A1F-497F-BFBF-FCB4A0160AB1}"
EndProject
Project("{9A19103F-16F7-4668-BE54-9A1E7A4F7556}") = "ShapeLibrary", "ShapeLibrary\ShapeLibrary.csproj", "{5C0359EB-8DC3-4D06-BCDE-4C4A2F7F2CF9}"
EndProject
Project("{FAE04EC0-301F-11D3-BF4B-00C04F79EFBC}") = "DataAccessLayer", "DataAccessLayer\DataAccessLayer.csproj", "{B5AB023D-9324-45CA-A9A3-73A212C2651E}"
EndProject
Project("{FAE04EC0-301F-11D3-BF4B-00C04F79EFBC}") = "DataAccessLayerTests", "DataAccessLayerTests\DataAccessLayerTests.csproj", "{2E9ECECD-0497-47A7-8906-D5B8489EEB1A}"
EndProject
Project("{FAE04EC0-301F-11D3-BF4B-00C04F79EFBC}") = "ShapeLibraryTests", "ShapeLibraryTests\ShapeLibraryTests.csproj", "{1242AD5E-4A93-4BAA-B16D-0A12D7CA1A96}"
EndProject
Global
	GlobalSection(SolutionConfigurationPlatforms) = preSolution
		Debug|Any CPU = Debug|Any CPU
		Release|Any CPU = Release|Any CPU
	EndGlobalSection
	GlobalSection(ProjectConfigurationPlatforms) = postSolution
		{46BB0A42-D8FA-4A57-88E5-9096B75CEFF0}.Debug|Any CPU.ActiveCfg = Debug|Any CPU
		{46BB0A42-D8FA-4A57-88E5-9096B75CEFF0}.Debug|Any CPU.Build.0 = Debug|Any CPU
		{46BB0A42-D8FA-4A57-88E5-9096B75CEFF0}.Release|Any CPU.ActiveCfg = Release|Any CPU
		{46BB0A42-D8FA-4A57-88E5-9096B75CEFF0}.Release|Any CPU.Build.0 = Release|Any CPU
		{DD45F1D6-0A1F-497F-BFBF-FCB4A0160AB1}.Debug|Any CPU.ActiveCfg = Debug|Any CPU
		{DD45F1D6-0A1F-497F-BFBF-FCB4A0160AB1}.Debug|Any CPU.Build.0 = Debug|Any CPU
		{DD45F1D6-0A1F-497F-BFBF-FCB4A0160AB1}.Release|Any CPU.ActiveCfg = Release|Any CPU
		{DD45F1D6-0A1F-497F-BFBF-FCB4A0160AB1}.Release|Any CPU.Build.0 = Release|Any CPU
		{5C0359EB-8DC3-4D06-BCDE-4C4A2F7F2CF9}.Debug|Any CPU.ActiveCfg = Debug|Any CPU
		{5C0359EB-8DC3-4D06-BCDE-4C4A2F7F2CF9}.Debug|Any CPU.Build.0 = Debug|Any CPU
		{5C0359EB-8DC3-4D06-BCDE-4C4A2F7F2CF9}.Release|Any CPU.ActiveCfg = Release|Any CPU
		{5C0359EB-8DC3-4D06-BCDE-4C4A2F7F2CF9}.Release|Any CPU.Build.0 = Release|Any CPU
		{B5AB023D-9324-45CA-A9A3-73A212C2651E}.Debug|Any CPU.ActiveCfg = Debug|Any CPU
		{B5AB023D-9324-45CA-A9A3-73A212C2651E}.Debug|Any CPU.Build.0 = Debug|Any CPU
		{B5AB023D-9324-45CA-A9A3-73A212C2651E}.Release|Any CPU.ActiveCfg = Release|Any CPU
		{B5AB023D-9324-45CA-A9A3-73A212C2651E}.Release|Any CPU.Build.0 = Release|Any CPU
		{2E9ECECD-0497-47A7-8906-D5B8489EEB1A}.Debug|Any CPU.ActiveCfg = Debug|Any CPU
		{2E9ECECD-0497-47A7-8906-D5B8489EEB1A}.Debug|Any CPU.Build.0 = Debug|Any CPU
		{2E9ECECD-0497-47A7-8906-D5B8489EEB1A}.Release|Any CPU.ActiveCfg = Release|Any CPU
		{2E9ECECD-0497-47A7-8906-D5B8489EEB1A}.Release|Any CPU.Build.0 = Release|Any CPU
		{1242AD5E-4A93-4BAA-B16D-0A12D7CA1A96}.Debug|Any CPU.ActiveCfg = Debug|Any CPU
		{1242AD5E-4A93-4BAA-B16D-0A12D7CA1A96}.Debug|Any CPU.Build.0 = Debug|Any CPU
		{1242AD5E-4A93-4BAA-B16D-0A12D7CA1A96}.Release|Any CPU.ActiveCfg = Release|Any CPU
		{1242AD5E-4A93-4BAA-B16D-0A12D7CA1A96}.Release|Any CPU.Build.0 = Release|Any CPU
	EndGlobalSection
	GlobalSection(SolutionProperties) = preSolution
		HideSolutionNode = FALSE
	EndGlobalSection
	GlobalSection(ExtensibilityGlobals) = postSolution
		SolutionGuid = {2EC3A72C-E132-4D19-AFA8-67DFCF3AD040}
	EndGlobalSection
EndGlobal
